
Microsoft Visual Studio Solution File, Format Version 12.00
# Visual Studio Version 17
VisualStudioVersion = 17.5.33103.201
MinimumVisualStudioVersion = 10.0.40219.1
Project("{9A19103F-16F7-4668-BE54-9A1E7A4F7556}") = "Ilyfairy.DstServerQuery.Web", "Ilyfairy.DstServerQuery.Web\Ilyfairy.DstServerQuery.Web.csproj", "{CA7EFC4A-54AD-4E86-A537-694AB7C6562F}"
EndProject
Project("{9A19103F-16F7-4668-BE54-9A1E7A4F7556}") = "Ilyfairy.DstServerQuery", "Ilyfairy.DstServerQuery\Ilyfairy.DstServerQuery.csproj", "{A3044C74-10D7-4972-997A-7B43C34717A0}"
EndProject
Project("{9A19103F-16F7-4668-BE54-9A1E7A4F7556}") = "Ilyfairy.DstServerQuery.EntityFrameworkCore", "Ilyfairy.DstServerQuery.EntityFrameworkCore\Ilyfairy.DstServerQuery.EntityFrameworkCore.csproj", "{77235693-5721-49F0-85F2-4F4643F09D8B}"
EndProject
Project("{9A19103F-16F7-4668-BE54-9A1E7A4F7556}") = "Test", "Test\Test.csproj", "{2CFCB4C8-6E01-428D-BFDC-07CA95C9F23D}"
EndProject
Project("{9A19103F-16F7-4668-BE54-9A1E7A4F7556}") = "DstLobbyProxyDownloader", "DstLobbyProxyDownloader\DstLobbyProxyDownloader.csproj", "{12BDACBB-4DBE-4D1B-B9AA-A89CB339707A}"
EndProject
Project("{9A19103F-16F7-4668-BE54-9A1E7A4F7556}") = "SteamKit2", "DstDownloader\SteamKit\SteamKit2.csproj", "{4B2B0365-DE37-4B65-B614-3E4E7C05147D}"
EndProject
Project("{9A19103F-16F7-4668-BE54-9A1E7A4F7556}") = "SteamDownloader", "DstDownloader\SteamDownloader\SteamDownloader.csproj", "{1B88BFF5-9669-47B7-B78D-F2E6E5C7FC4C}"
EndProject
Project("{9A19103F-16F7-4668-BE54-9A1E7A4F7556}") = "DstDownloader", "DstDownloader\DstDownloader\DstDownloader.csproj", "{9C56A680-891E-4FA5-9E35-8A38D65A91F4}"
EndProject
Project("{2150E333-8FDC-42A3-9474-1A3956D46DE8}") = "解决方案项", "解决方案项", "{BE76E7F2-77A6-413A-92DB-91566E351544}"
	ProjectSection(SolutionItems) = preProject
		publish-linux.bat = publish-linux.bat
		publish-win.bat = publish-win.bat
		README.md = README.md
	EndProjectSection
EndProject
Project("{FAE04EC0-301F-11D3-BF4B-00C04F79EFBC}") = "MiniApiTest", "MiniApiTest\MiniApiTest.csproj", "{0BEFBC9E-9193-4A10-A27B-6EBDCBBB80ED}"
EndProject
Global
	GlobalSection(SolutionConfigurationPlatforms) = preSolution
		Debug|Any CPU = Debug|Any CPU
		Debug|x64 = Debug|x64
		Release|Any CPU = Release|Any CPU
		Release|x64 = Release|x64
	EndGlobalSection
	GlobalSection(ProjectConfigurationPlatforms) = postSolution
		{CA7EFC4A-54AD-4E86-A537-694AB7C6562F}.Debug|Any CPU.ActiveCfg = Debug|Any CPU
		{CA7EFC4A-54AD-4E86-A537-694AB7C6562F}.Debug|Any CPU.Build.0 = Debug|Any CPU
		{CA7EFC4A-54AD-4E86-A537-694AB7C6562F}.Debug|x64.ActiveCfg = Debug|Any CPU
		{CA7EFC4A-54AD-4E86-A537-694AB7C6562F}.Debug|x64.Build.0 = Debug|Any CPU
		{CA7EFC4A-54AD-4E86-A537-694AB7C6562F}.Release|Any CPU.ActiveCfg = Release|Any CPU
		{CA7EFC4A-54AD-4E86-A537-694AB7C6562F}.Release|Any CPU.Build.0 = Release|Any CPU
		{CA7EFC4A-54AD-4E86-A537-694AB7C6562F}.Release|x64.ActiveCfg = Release|Any CPU
		{CA7EFC4A-54AD-4E86-A537-694AB7C6562F}.Release|x64.Build.0 = Release|Any CPU
		{A3044C74-10D7-4972-997A-7B43C34717A0}.Debug|Any CPU.ActiveCfg = Debug|Any CPU
		{A3044C74-10D7-4972-997A-7B43C34717A0}.Debug|Any CPU.Build.0 = Debug|Any CPU
		{A3044C74-10D7-4972-997A-7B43C34717A0}.Debug|x64.ActiveCfg = Debug|Any CPU
		{A3044C74-10D7-4972-997A-7B43C34717A0}.Debug|x64.Build.0 = Debug|Any CPU
		{A3044C74-10D7-4972-997A-7B43C34717A0}.Release|Any CPU.ActiveCfg = Release|Any CPU
		{A3044C74-10D7-4972-997A-7B43C34717A0}.Release|Any CPU.Build.0 = Release|Any CPU
		{A3044C74-10D7-4972-997A-7B43C34717A0}.Release|x64.ActiveCfg = Release|Any CPU
		{A3044C74-10D7-4972-997A-7B43C34717A0}.Release|x64.Build.0 = Release|Any CPU
		{77235693-5721-49F0-85F2-4F4643F09D8B}.Debug|Any CPU.ActiveCfg = Debug|Any CPU
		{77235693-5721-49F0-85F2-4F4643F09D8B}.Debug|Any CPU.Build.0 = Debug|Any CPU
		{77235693-5721-49F0-85F2-4F4643F09D8B}.Debug|x64.ActiveCfg = Debug|Any CPU
		{77235693-5721-49F0-85F2-4F4643F09D8B}.Debug|x64.Build.0 = Debug|Any CPU
		{77235693-5721-49F0-85F2-4F4643F09D8B}.Release|Any CPU.ActiveCfg = Release|Any CPU
		{77235693-5721-49F0-85F2-4F4643F09D8B}.Release|Any CPU.Build.0 = Release|Any CPU
		{77235693-5721-49F0-85F2-4F4643F09D8B}.Release|x64.ActiveCfg = Release|Any CPU
		{77235693-5721-49F0-85F2-4F4643F09D8B}.Release|x64.Build.0 = Release|Any CPU
		{2CFCB4C8-6E01-428D-BFDC-07CA95C9F23D}.Debug|Any CPU.ActiveCfg = Debug|Any CPU
		{2CFCB4C8-6E01-428D-BFDC-07CA95C9F23D}.Debug|Any CPU.Build.0 = Debug|Any CPU
		{2CFCB4C8-6E01-428D-BFDC-07CA95C9F23D}.Debug|x64.ActiveCfg = Debug|Any CPU
		{2CFCB4C8-6E01-428D-BFDC-07CA95C9F23D}.Debug|x64.Build.0 = Debug|Any CPU
		{2CFCB4C8-6E01-428D-BFDC-07CA95C9F23D}.Release|Any CPU.ActiveCfg = Release|Any CPU
		{2CFCB4C8-6E01-428D-BFDC-07CA95C9F23D}.Release|Any CPU.Build.0 = Release|Any CPU
		{2CFCB4C8-6E01-428D-BFDC-07CA95C9F23D}.Release|x64.ActiveCfg = Release|Any CPU
		{2CFCB4C8-6E01-428D-BFDC-07CA95C9F23D}.Release|x64.Build.0 = Release|Any CPU
		{12BDACBB-4DBE-4D1B-B9AA-A89CB339707A}.Debug|Any CPU.ActiveCfg = Debug|Any CPU
		{12BDACBB-4DBE-4D1B-B9AA-A89CB339707A}.Debug|Any CPU.Build.0 = Debug|Any CPU
		{12BDACBB-4DBE-4D1B-B9AA-A89CB339707A}.Debug|x64.ActiveCfg = Debug|Any CPU
		{12BDACBB-4DBE-4D1B-B9AA-A89CB339707A}.Debug|x64.Build.0 = Debug|Any CPU
		{12BDACBB-4DBE-4D1B-B9AA-A89CB339707A}.Release|Any CPU.ActiveCfg = Release|Any CPU
		{12BDACBB-4DBE-4D1B-B9AA-A89CB339707A}.Release|Any CPU.Build.0 = Release|Any CPU
		{12BDACBB-4DBE-4D1B-B9AA-A89CB339707A}.Release|x64.ActiveCfg = Release|Any CPU
		{12BDACBB-4DBE-4D1B-B9AA-A89CB339707A}.Release|x64.Build.0 = Release|Any CPU
		{4B2B0365-DE37-4B65-B614-3E4E7C05147D}.Debug|Any CPU.ActiveCfg = Debug|Any CPU
		{4B2B0365-DE37-4B65-B614-3E4E7C05147D}.Debug|Any CPU.Build.0 = Debug|Any CPU
		{4B2B0365-DE37-4B65-B614-3E4E7C05147D}.Debug|x64.ActiveCfg = Debug|Any CPU
		{4B2B0365-DE37-4B65-B614-3E4E7C05147D}.Debug|x64.Build.0 = Debug|Any CPU
		{4B2B0365-DE37-4B65-B614-3E4E7C05147D}.Release|Any CPU.ActiveCfg = Release|Any CPU
		{4B2B0365-DE37-4B65-B614-3E4E7C05147D}.Release|Any CPU.Build.0 = Release|Any CPU
		{4B2B0365-DE37-4B65-B614-3E4E7C05147D}.Release|x64.ActiveCfg = Release|Any CPU
		{4B2B0365-DE37-4B65-B614-3E4E7C05147D}.Release|x64.Build.0 = Release|Any CPU
		{1B88BFF5-9669-47B7-B78D-F2E6E5C7FC4C}.Debug|Any CPU.ActiveCfg = Debug|Any CPU
		{1B88BFF5-9669-47B7-B78D-F2E6E5C7FC4C}.Debug|Any CPU.Build.0 = Debug|Any CPU
		{1B88BFF5-9669-47B7-B78D-F2E6E5C7FC4C}.Debug|x64.ActiveCfg = Debug|Any CPU
		{1B88BFF5-9669-47B7-B78D-F2E6E5C7FC4C}.Debug|x64.Build.0 = Debug|Any CPU
		{1B88BFF5-9669-47B7-B78D-F2E6E5C7FC4C}.Release|Any CPU.ActiveCfg = Release|Any CPU
		{1B88BFF5-9669-47B7-B78D-F2E6E5C7FC4C}.Release|Any CPU.Build.0 = Release|Any CPU
		{1B88BFF5-9669-47B7-B78D-F2E6E5C7FC4C}.Release|x64.ActiveCfg = Release|Any CPU
		{1B88BFF5-9669-47B7-B78D-F2E6E5C7FC4C}.Release|x64.Build.0 = Release|Any CPU
		{9C56A680-891E-4FA5-9E35-8A38D65A91F4}.Debug|Any CPU.ActiveCfg = Debug|Any CPU
		{9C56A680-891E-4FA5-9E35-8A38D65A91F4}.Debug|Any CPU.Build.0 = Debug|Any CPU
		{9C56A680-891E-4FA5-9E35-8A38D65A91F4}.Debug|x64.ActiveCfg = Debug|Any CPU
		{9C56A680-891E-4FA5-9E35-8A38D65A91F4}.Debug|x64.Build.0 = Debug|Any CPU
		{9C56A680-891E-4FA5-9E35-8A38D65A91F4}.Release|Any CPU.ActiveCfg = Release|Any CPU
		{9C56A680-891E-4FA5-9E35-8A38D65A91F4}.Release|Any CPU.Build.0 = Release|Any CPU
		{9C56A680-891E-4FA5-9E35-8A38D65A91F4}.Release|x64.ActiveCfg = Release|Any CPU
		{9C56A680-891E-4FA5-9E35-8A38D65A91F4}.Release|x64.Build.0 = Release|Any CPU
		{0BEFBC9E-9193-4A10-A27B-6EBDCBBB80ED}.Debug|Any CPU.ActiveCfg = Debug|Any CPU
		{0BEFBC9E-9193-4A10-A27B-6EBDCBBB80ED}.Debug|Any CPU.Build.0 = Debug|Any CPU
		{0BEFBC9E-9193-4A10-A27B-6EBDCBBB80ED}.Debug|x64.ActiveCfg = Debug|Any CPU
		{0BEFBC9E-9193-4A10-A27B-6EBDCBBB80ED}.Debug|x64.Build.0 = Debug|Any CPU
		{0BEFBC9E-9193-4A10-A27B-6EBDCBBB80ED}.Release|Any CPU.ActiveCfg = Release|Any CPU
		{0BEFBC9E-9193-4A10-A27B-6EBDCBBB80ED}.Release|Any CPU.Build.0 = Release|Any CPU
		{0BEFBC9E-9193-4A10-A27B-6EBDCBBB80ED}.Release|x64.ActiveCfg = Release|Any CPU
		{0BEFBC9E-9193-4A10-A27B-6EBDCBBB80ED}.Release|x64.Build.0 = Release|Any CPU
	EndGlobalSection
	GlobalSection(SolutionProperties) = preSolution
		HideSolutionNode = FALSE
	EndGlobalSection
	GlobalSection(ExtensibilityGlobals) = postSolution
		SolutionGuid = {407E99D4-C5E7-46CF-BA0E-64A9B090716A}
	EndGlobalSection
EndGlobal
